
Microsoft Visual Studio Solution File, Format Version 12.00
# Visual Studio 15
VisualStudioVersion = 15.0.27428.2037
MinimumVisualStudioVersion = 10.0.40219.1
Project("{888888A0-9F3D-457C-B088-3A5042F75D52}") = "Tetris", "Tetris\Tetris.pyproj", "{83716549-B228-4747-86A6-4C97098D4FF4}"
EndProject
Global
	GlobalSection(SolutionConfigurationPlatforms) = preSolution
		Debug|Any CPU = Debug|Any CPU
		Release|Any CPU = Release|Any CPU
	EndGlobalSection
	GlobalSection(ProjectConfigurationPlatforms) = postSolution
		{83716549-B228-4747-86A6-4C97098D4FF4}.Debug|Any CPU.ActiveCfg = Debug|Any CPU
		{83716549-B228-4747-86A6-4C97098D4FF4}.Release|Any CPU.ActiveCfg = Release|Any CPU
	EndGlobalSection
	GlobalSection(SolutionProperties) = preSolution
		HideSolutionNode = FALSE
	EndGlobalSection
	GlobalSection(ExtensibilityGlobals) = postSolution
		SolutionGuid = {B28D54C4-C731-4731-A73E-CA1D130726CF}
	EndGlobalSection
EndGlobal
